// !$*UTF8*$!
{
	archiveVersion = 1;
	classes = {
	};
	objectVersion = 55;
	objects = {

/* Begin PBXBuildFile section */
		2E6B6A70289A688500E7FD95 /* NewsSwiftUIApp.swift in Sources */ = {isa = PBXBuildFile; fileRef = 2E6B6A6F289A688500E7FD95 /* NewsSwiftUIApp.swift */; };
		2E6B6A72289A688500E7FD95 /* ContentView.swift in Sources */ = {isa = PBXBuildFile; fileRef = 2E6B6A71289A688500E7FD95 /* ContentView.swift */; };
		2E6B6A74289A688600E7FD95 /* Assets.xcassets in Resources */ = {isa = PBXBuildFile; fileRef = 2E6B6A73289A688600E7FD95 /* Assets.xcassets */; };
		2E6B6A77289A688600E7FD95 /* Preview Assets.xcassets in Resources */ = {isa = PBXBuildFile; fileRef = 2E6B6A76289A688600E7FD95 /* Preview Assets.xcassets */; };
		2E6B6A94289BC9F800E7FD95 /* ArticleRowView.swift in Sources */ = {isa = PBXBuildFile; fileRef = 2E6B6A93289BC9F800E7FD95 /* ArticleRowView.swift */; };
		2E7EBD0728A15A600039B69F /* ArticleBookmarkVM.swift in Sources */ = {isa = PBXBuildFile; fileRef = 2E6B6A8C289BACE400E7FD95 /* ArticleBookmarkVM.swift */; };
		2E7EBD0828A15A600039B69F /* DataStore.swift in Sources */ = {isa = PBXBuildFile; fileRef = 2E6B6A87289A6FB300E7FD95 /* DataStore.swift */; };
		2E7EBD0928A15A600039B69F /* Article.swift in Sources */ = {isa = PBXBuildFile; fileRef = 2E6B6A83289A6E6D00E7FD95 /* Article.swift */; };
		2E7EBD0B28A15A600039B69F /* ArticleNewsVM.swift in Sources */ = {isa = PBXBuildFile; fileRef = 2E6B6A8E289BBB0C00E7FD95 /* ArticleNewsVM.swift */; };
		2E7EBD0C28A15A600039B69F /* news.json in Resources */ = {isa = PBXBuildFile; fileRef = 2E7EBCFA28A15A0A0039B69F /* news.json */; };
		2E7EBD0D28A15A600039B69F /* Category.swift in Sources */ = {isa = PBXBuildFile; fileRef = 2E6B6A85289A6EFD00E7FD95 /* Category.swift */; };
		2E7EBD0E28A15A600039B69F /* MenuItem.swift in Sources */ = {isa = PBXBuildFile; fileRef = 2EBA68F0289C36080024284A /* MenuItem.swift */; };
		2E7EBD0F28A15A600039B69F /* ArticleSearchVM.swift in Sources */ = {isa = PBXBuildFile; fileRef = 2E6B6A90289BC3F800E7FD95 /* ArticleSearchVM.swift */; };
		2E7EBD1028A15A600039B69F /* NewsApiResponse.swift in Sources */ = {isa = PBXBuildFile; fileRef = 2E6B6A89289A71D300E7FD95 /* NewsApiResponse.swift */; };
		2E7EBD1128A15A600039B69F /* NewsApi.swift in Sources */ = {isa = PBXBuildFile; fileRef = 2E6B6A80289A691200E7FD95 /* NewsApi.swift */; };
		2E7EBD1F28A160D60039B69F /* KeysTracker.swift in Sources */ = {isa = PBXBuildFile; fileRef = 2E7EBD1E28A160D60039B69F /* KeysTracker.swift */; };
		2E7EBD2128A1619C0039B69F /* CacheEntry.swift in Sources */ = {isa = PBXBuildFile; fileRef = 2E7EBD2028A1619C0039B69F /* CacheEntry.swift */; };
		2E7EBD2328A164140039B69F /* Cache.swift in Sources */ = {isa = PBXBuildFile; fileRef = 2E7EBD2228A164140039B69F /* Cache.swift */; };
		2E7EBD2528A1652F0039B69F /* CacheImplementation.swift in Sources */ = {isa = PBXBuildFile; fileRef = 2E7EBD2428A1652F0039B69F /* CacheImplementation.swift */; };
		2E7EBD2728A16EA30039B69F /* CategoryArticles.swift in Sources */ = {isa = PBXBuildFile; fileRef = 2E7EBD2628A16EA30039B69F /* CategoryArticles.swift */; };
		2EBA68DF289BD5450024284A /* ArticleListView.swift in Sources */ = {isa = PBXBuildFile; fileRef = 2EBA68DE289BD5450024284A /* ArticleListView.swift */; };
		2EBA68E1289BD6530024284A /* SafariView.swift in Sources */ = {isa = PBXBuildFile; fileRef = 2EBA68E0289BD6530024284A /* SafariView.swift */; };
		2EBA68E3289BD95B0024284A /* EmptyPlaceholderView.swift in Sources */ = {isa = PBXBuildFile; fileRef = 2EBA68E2289BD95B0024284A /* EmptyPlaceholderView.swift */; };
		2EBA68E5289BDA320024284A /* RetryView.swift in Sources */ = {isa = PBXBuildFile; fileRef = 2EBA68E4289BDA320024284A /* RetryView.swift */; };
		2EBA68E7289BDB360024284A /* BookmarkTabView.swift in Sources */ = {isa = PBXBuildFile; fileRef = 2EBA68E6289BDB360024284A /* BookmarkTabView.swift */; };
		2EBA68E9289BDD780024284A /* NewsTabView.swift in Sources */ = {isa = PBXBuildFile; fileRef = 2EBA68E8289BDD780024284A /* NewsTabView.swift */; };
		2EBA68EB289BF3C90024284A /* SearchTabView.swift in Sources */ = {isa = PBXBuildFile; fileRef = 2EBA68EA289BF3C90024284A /* SearchTabView.swift */; };
		2EBA68ED289BF48C0024284A /* SearchHistoryListView.swift in Sources */ = {isa = PBXBuildFile; fileRef = 2EBA68EC289BF48C0024284A /* SearchHistoryListView.swift */; };
		2EBA68EF289C35C30024284A /* SideBarContentView.swift in Sources */ = {isa = PBXBuildFile; fileRef = 2EBA68EE289C35C30024284A /* SideBarContentView.swift */; };
		2EBA68F3289C39820024284A /* TabMenuItem.swift in Sources */ = {isa = PBXBuildFile; fileRef = 2EBA68F2289C39820024284A /* TabMenuItem.swift */; };
		2EBA68F5289C3C9E0024284A /* TabContentView.swift in Sources */ = {isa = PBXBuildFile; fileRef = 2EBA68F4289C3C9E0024284A /* TabContentView.swift */; };
		2ED55B0428AA8DA100CC8F41 /* PagingData.swift in Sources */ = {isa = PBXBuildFile; fileRef = 2ED55B0328AA8DA100CC8F41 /* PagingData.swift */; };
		2ED55B0628AA926900CC8F41 /* DataFetchPhase.swift in Sources */ = {isa = PBXBuildFile; fileRef = 2ED55B0528AA926900CC8F41 /* DataFetchPhase.swift */; };
		2ED55B0828AAA16900CC8F41 /* WatchConnectivityViewModel.swift in Sources */ = {isa = PBXBuildFile; fileRef = 2ED55B0728AAA16900CC8F41 /* WatchConnectivityViewModel.swift */; };
		2ED55B2A28AB7B5500CC8F41 /* NewsMacOSApp.swift in Sources */ = {isa = PBXBuildFile; fileRef = 2ED55B2928AB7B5500CC8F41 /* NewsMacOSApp.swift */; };
		2ED55B2C28AB7B5500CC8F41 /* ContentView.swift in Sources */ = {isa = PBXBuildFile; fileRef = 2ED55B2B28AB7B5500CC8F41 /* ContentView.swift */; };
		2ED55B2E28AB7B5600CC8F41 /* Assets.xcassets in Resources */ = {isa = PBXBuildFile; fileRef = 2ED55B2D28AB7B5600CC8F41 /* Assets.xcassets */; };
		2ED55B3128AB7B5600CC8F41 /* Preview Assets.xcassets in Resources */ = {isa = PBXBuildFile; fileRef = 2ED55B3028AB7B5600CC8F41 /* Preview Assets.xcassets */; };
		2ED55B3828AB7B7900CC8F41 /* SettingsView.swift in Sources */ = {isa = PBXBuildFile; fileRef = 2ED55B3728AB7B7900CC8F41 /* SettingsView.swift */; };
		2ED55B3928AB7BF500CC8F41 /* ArticleNewsVM.swift in Sources */ = {isa = PBXBuildFile; fileRef = 2E6B6A8E289BBB0C00E7FD95 /* ArticleNewsVM.swift */; };
		2ED55B3A28AB7BF800CC8F41 /* ArticleSearchVM.swift in Sources */ = {isa = PBXBuildFile; fileRef = 2E6B6A90289BC3F800E7FD95 /* ArticleSearchVM.swift */; };
		2ED55B3B28AB7BFA00CC8F41 /* ArticleBookmarkVM.swift in Sources */ = {isa = PBXBuildFile; fileRef = 2E6B6A8C289BACE400E7FD95 /* ArticleBookmarkVM.swift */; };
		2ED55B3D28AB7D3300CC8F41 /* DataFetchPhase.swift in Sources */ = {isa = PBXBuildFile; fileRef = 2ED55B0528AA926900CC8F41 /* DataFetchPhase.swift */; };
		2ED55B3E28AB7D3300CC8F41 /* PagingData.swift in Sources */ = {isa = PBXBuildFile; fileRef = 2ED55B0328AA8DA100CC8F41 /* PagingData.swift */; };
		2ED55B3F28AB7D3300CC8F41 /* DataStore.swift in Sources */ = {isa = PBXBuildFile; fileRef = 2E6B6A87289A6FB300E7FD95 /* DataStore.swift */; };
		2ED55B4028AB7D3300CC8F41 /* Category.swift in Sources */ = {isa = PBXBuildFile; fileRef = 2E6B6A85289A6EFD00E7FD95 /* Category.swift */; };
		2ED55B4128AB7D3300CC8F41 /* NewsApiResponse.swift in Sources */ = {isa = PBXBuildFile; fileRef = 2E6B6A89289A71D300E7FD95 /* NewsApiResponse.swift */; };
		2ED55B4228AB7D3300CC8F41 /* MenuItem.swift in Sources */ = {isa = PBXBuildFile; fileRef = 2EBA68F0289C36080024284A /* MenuItem.swift */; };
		2ED55B4328AB7D3300CC8F41 /* CategoryArticles.swift in Sources */ = {isa = PBXBuildFile; fileRef = 2E7EBD2628A16EA30039B69F /* CategoryArticles.swift */; };
		2ED55B4428AB7D3300CC8F41 /* Article.swift in Sources */ = {isa = PBXBuildFile; fileRef = 2E6B6A83289A6E6D00E7FD95 /* Article.swift */; };
		2ED55B4528AB7D3C00CC8F41 /* NewsApi.swift in Sources */ = {isa = PBXBuildFile; fileRef = 2E6B6A80289A691200E7FD95 /* NewsApi.swift */; };
		2ED55B4628AB7D5600CC8F41 /* CacheImplementation.swift in Sources */ = {isa = PBXBuildFile; fileRef = 2E7EBD2428A1652F0039B69F /* CacheImplementation.swift */; };
		2ED55B4728AB7D5B00CC8F41 /* Cache.swift in Sources */ = {isa = PBXBuildFile; fileRef = 2E7EBD2228A164140039B69F /* Cache.swift */; };
		2ED55B4828AB7D5E00CC8F41 /* CacheEntry.swift in Sources */ = {isa = PBXBuildFile; fileRef = 2E7EBD2028A1619C0039B69F /* CacheEntry.swift */; };
		2ED55B4928AB7D6200CC8F41 /* KeysTracker.swift in Sources */ = {isa = PBXBuildFile; fileRef = 2E7EBD1E28A160D60039B69F /* KeysTracker.swift */; };
		2ED55B4B28AB7D8400CC8F41 /* SidebarListView.swift in Sources */ = {isa = PBXBuildFile; fileRef = 2ED55B4A28AB7D8400CC8F41 /* SidebarListView.swift */; };
		2ED55B4C28AB7E3200CC8F41 /* SearchTabView.swift in Sources */ = {isa = PBXBuildFile; fileRef = 2EBA68EA289BF3C90024284A /* SearchTabView.swift */; };
		2ED55B4D28AB7E3200CC8F41 /* ArticleRowView.swift in Sources */ = {isa = PBXBuildFile; fileRef = 2E6B6A93289BC9F800E7FD95 /* ArticleRowView.swift */; };
		2ED55B4E28AB7E3200CC8F41 /* BookmarkTabView.swift in Sources */ = {isa = PBXBuildFile; fileRef = 2EBA68E6289BDB360024284A /* BookmarkTabView.swift */; };
		2ED55B4F28AB7E3200CC8F41 /* RetryView.swift in Sources */ = {isa = PBXBuildFile; fileRef = 2EBA68E4289BDA320024284A /* RetryView.swift */; };
		2ED55B5028AB7E3200CC8F41 /* NewsTabView.swift in Sources */ = {isa = PBXBuildFile; fileRef = 2EBA68E8289BDD780024284A /* NewsTabView.swift */; };
		2ED55B5128AB7E3200CC8F41 /* ArticleListView.swift in Sources */ = {isa = PBXBuildFile; fileRef = 2EBA68DE289BD5450024284A /* ArticleListView.swift */; };
		2ED55B5228AB7E3200CC8F41 /* EmptyPlaceholderView.swift in Sources */ = {isa = PBXBuildFile; fileRef = 2EBA68E2289BD95B0024284A /* EmptyPlaceholderView.swift */; };
		2ED55B5428AB853500CC8F41 /* FocusedValue+RefreshAction.swift in Sources */ = {isa = PBXBuildFile; fileRef = 2ED55B5328AB853500CC8F41 /* FocusedValue+RefreshAction.swift */; };
		2ED55B5628AB85C800CC8F41 /* NewsCommands.swift in Sources */ = {isa = PBXBuildFile; fileRef = 2ED55B5528AB85C800CC8F41 /* NewsCommands.swift */; };
/* End PBXBuildFile section */

/* Begin PBXCopyFilesBuildPhase section */
		2ED55B7128ABC2B700CC8F41 /* Embed App Extensions */ = {
			isa = PBXCopyFilesBuildPhase;
			buildActionMask = 2147483647;
			dstPath = "";
			dstSubfolderSpec = 13;
			files = (
			);
			name = "Embed App Extensions";
			runOnlyForDeploymentPostprocessing = 0;
		};
/* End PBXCopyFilesBuildPhase section */

/* Begin PBXFileReference section */
		2E6B6A6C289A688500E7FD95 /* NewsSwiftUI.app */ = {isa = PBXFileReference; explicitFileType = wrapper.application; includeInIndex = 0; path = NewsSwiftUI.app; sourceTree = BUILT_PRODUCTS_DIR; };
		2E6B6A6F289A688500E7FD95 /* NewsSwiftUIApp.swift */ = {isa = PBXFileReference; lastKnownFileType = sourcecode.swift; path = NewsSwiftUIApp.swift; sourceTree = "<group>"; };
		2E6B6A71289A688500E7FD95 /* ContentView.swift */ = {isa = PBXFileReference; lastKnownFileType = sourcecode.swift; path = ContentView.swift; sourceTree = "<group>"; };
		2E6B6A73289A688600E7FD95 /* Assets.xcassets */ = {isa = PBXFileReference; lastKnownFileType = folder.assetcatalog; path = Assets.xcassets; sourceTree = "<group>"; };
		2E6B6A76289A688600E7FD95 /* Preview Assets.xcassets */ = {isa = PBXFileReference; lastKnownFileType = folder.assetcatalog; path = "Preview Assets.xcassets"; sourceTree = "<group>"; };
		2E6B6A80289A691200E7FD95 /* NewsApi.swift */ = {isa = PBXFileReference; lastKnownFileType = sourcecode.swift; path = NewsApi.swift; sourceTree = "<group>"; };
		2E6B6A83289A6E6D00E7FD95 /* Article.swift */ = {isa = PBXFileReference; lastKnownFileType = sourcecode.swift; path = Article.swift; sourceTree = "<group>"; };
		2E6B6A85289A6EFD00E7FD95 /* Category.swift */ = {isa = PBXFileReference; lastKnownFileType = sourcecode.swift; path = Category.swift; sourceTree = "<group>"; };
		2E6B6A87289A6FB300E7FD95 /* DataStore.swift */ = {isa = PBXFileReference; lastKnownFileType = sourcecode.swift; path = DataStore.swift; sourceTree = "<group>"; };
		2E6B6A89289A71D300E7FD95 /* NewsApiResponse.swift */ = {isa = PBXFileReference; lastKnownFileType = sourcecode.swift; path = NewsApiResponse.swift; sourceTree = "<group>"; };
		2E6B6A8C289BACE400E7FD95 /* ArticleBookmarkVM.swift */ = {isa = PBXFileReference; lastKnownFileType = sourcecode.swift; path = ArticleBookmarkVM.swift; sourceTree = "<group>"; };
		2E6B6A8E289BBB0C00E7FD95 /* ArticleNewsVM.swift */ = {isa = PBXFileReference; lastKnownFileType = sourcecode.swift; path = ArticleNewsVM.swift; sourceTree = "<group>"; };
		2E6B6A90289BC3F800E7FD95 /* ArticleSearchVM.swift */ = {isa = PBXFileReference; lastKnownFileType = sourcecode.swift; path = ArticleSearchVM.swift; sourceTree = "<group>"; };
		2E6B6A93289BC9F800E7FD95 /* ArticleRowView.swift */ = {isa = PBXFileReference; lastKnownFileType = sourcecode.swift; path = ArticleRowView.swift; sourceTree = "<group>"; };
		2E7EBCFA28A15A0A0039B69F /* news.json */ = {isa = PBXFileReference; lastKnownFileType = text.json; path = news.json; sourceTree = "<group>"; };
		2E7EBD1E28A160D60039B69F /* KeysTracker.swift */ = {isa = PBXFileReference; lastKnownFileType = sourcecode.swift; path = KeysTracker.swift; sourceTree = "<group>"; };
		2E7EBD2028A1619C0039B69F /* CacheEntry.swift */ = {isa = PBXFileReference; lastKnownFileType = sourcecode.swift; path = CacheEntry.swift; sourceTree = "<group>"; };
		2E7EBD2228A164140039B69F /* Cache.swift */ = {isa = PBXFileReference; lastKnownFileType = sourcecode.swift; path = Cache.swift; sourceTree = "<group>"; };
		2E7EBD2428A1652F0039B69F /* CacheImplementation.swift */ = {isa = PBXFileReference; lastKnownFileType = sourcecode.swift; path = CacheImplementation.swift; sourceTree = "<group>"; };
		2E7EBD2628A16EA30039B69F /* CategoryArticles.swift */ = {isa = PBXFileReference; lastKnownFileType = sourcecode.swift; path = CategoryArticles.swift; sourceTree = "<group>"; };
		2EBA68DE289BD5450024284A /* ArticleListView.swift */ = {isa = PBXFileReference; lastKnownFileType = sourcecode.swift; path = ArticleListView.swift; sourceTree = "<group>"; };
		2EBA68E0289BD6530024284A /* SafariView.swift */ = {isa = PBXFileReference; lastKnownFileType = sourcecode.swift; path = SafariView.swift; sourceTree = "<group>"; };
		2EBA68E2289BD95B0024284A /* EmptyPlaceholderView.swift */ = {isa = PBXFileReference; lastKnownFileType = sourcecode.swift; path = EmptyPlaceholderView.swift; sourceTree = "<group>"; };
		2EBA68E4289BDA320024284A /* RetryView.swift */ = {isa = PBXFileReference; lastKnownFileType = sourcecode.swift; path = RetryView.swift; sourceTree = "<group>"; };
		2EBA68E6289BDB360024284A /* BookmarkTabView.swift */ = {isa = PBXFileReference; lastKnownFileType = sourcecode.swift; path = BookmarkTabView.swift; sourceTree = "<group>"; };
		2EBA68E8289BDD780024284A /* NewsTabView.swift */ = {isa = PBXFileReference; lastKnownFileType = sourcecode.swift; path = NewsTabView.swift; sourceTree = "<group>"; };
		2EBA68EA289BF3C90024284A /* SearchTabView.swift */ = {isa = PBXFileReference; lastKnownFileType = sourcecode.swift; path = SearchTabView.swift; sourceTree = "<group>"; };
		2EBA68EC289BF48C0024284A /* SearchHistoryListView.swift */ = {isa = PBXFileReference; lastKnownFileType = sourcecode.swift; path = SearchHistoryListView.swift; sourceTree = "<group>"; };
		2EBA68EE289C35C30024284A /* SideBarContentView.swift */ = {isa = PBXFileReference; lastKnownFileType = sourcecode.swift; path = SideBarContentView.swift; sourceTree = "<group>"; };
		2EBA68F0289C36080024284A /* MenuItem.swift */ = {isa = PBXFileReference; lastKnownFileType = sourcecode.swift; path = MenuItem.swift; sourceTree = "<group>"; };
		2EBA68F2289C39820024284A /* TabMenuItem.swift */ = {isa = PBXFileReference; lastKnownFileType = sourcecode.swift; path = TabMenuItem.swift; sourceTree = "<group>"; };
		2EBA68F4289C3C9E0024284A /* TabContentView.swift */ = {isa = PBXFileReference; lastKnownFileType = sourcecode.swift; path = TabContentView.swift; sourceTree = "<group>"; };
		2ED55B0328AA8DA100CC8F41 /* PagingData.swift */ = {isa = PBXFileReference; lastKnownFileType = sourcecode.swift; path = PagingData.swift; sourceTree = "<group>"; };
		2ED55B0528AA926900CC8F41 /* DataFetchPhase.swift */ = {isa = PBXFileReference; lastKnownFileType = sourcecode.swift; path = DataFetchPhase.swift; sourceTree = "<group>"; };
		2ED55B0728AAA16900CC8F41 /* WatchConnectivityViewModel.swift */ = {isa = PBXFileReference; lastKnownFileType = sourcecode.swift; path = WatchConnectivityViewModel.swift; sourceTree = "<group>"; };
		2ED55B2728AB7B5500CC8F41 /* NewsMacOS.app */ = {isa = PBXFileReference; explicitFileType = wrapper.application; includeInIndex = 0; path = NewsMacOS.app; sourceTree = BUILT_PRODUCTS_DIR; };
		2ED55B2928AB7B5500CC8F41 /* NewsMacOSApp.swift */ = {isa = PBXFileReference; lastKnownFileType = sourcecode.swift; path = NewsMacOSApp.swift; sourceTree = "<group>"; };
		2ED55B2B28AB7B5500CC8F41 /* ContentView.swift */ = {isa = PBXFileReference; lastKnownFileType = sourcecode.swift; path = ContentView.swift; sourceTree = "<group>"; };
		2ED55B2D28AB7B5600CC8F41 /* Assets.xcassets */ = {isa = PBXFileReference; lastKnownFileType = folder.assetcatalog; path = Assets.xcassets; sourceTree = "<group>"; };
		2ED55B3028AB7B5600CC8F41 /* Preview Assets.xcassets */ = {isa = PBXFileReference; lastKnownFileType = folder.assetcatalog; path = "Preview Assets.xcassets"; sourceTree = "<group>"; };
		2ED55B3728AB7B7900CC8F41 /* SettingsView.swift */ = {isa = PBXFileReference; lastKnownFileType = sourcecode.swift; path = SettingsView.swift; sourceTree = "<group>"; };
		2ED55B4A28AB7D8400CC8F41 /* SidebarListView.swift */ = {isa = PBXFileReference; lastKnownFileType = sourcecode.swift; path = SidebarListView.swift; sourceTree = "<group>"; };
		2ED55B5328AB853500CC8F41 /* FocusedValue+RefreshAction.swift */ = {isa = PBXFileReference; lastKnownFileType = sourcecode.swift; path = "FocusedValue+RefreshAction.swift"; sourceTree = "<group>"; };
		2ED55B5528AB85C800CC8F41 /* NewsCommands.swift */ = {isa = PBXFileReference; lastKnownFileType = sourcecode.swift; path = NewsCommands.swift; sourceTree = "<group>"; };
		2ED55B5D28ABC2B600CC8F41 /* WidgetKit.framework */ = {isa = PBXFileReference; lastKnownFileType = wrapper.framework; name = WidgetKit.framework; path = System/Library/Frameworks/WidgetKit.framework; sourceTree = SDKROOT; };
		2ED55B5F28ABC2B600CC8F41 /* SwiftUI.framework */ = {isa = PBXFileReference; lastKnownFileType = wrapper.framework; name = SwiftUI.framework; path = System/Library/Frameworks/SwiftUI.framework; sourceTree = SDKROOT; };
		2ED55B8528ABC4D200CC8F41 /* NewsMacOS.entitlements */ = {isa = PBXFileReference; lastKnownFileType = text.plist.entitlements; path = NewsMacOS.entitlements; sourceTree = "<group>"; };
/* End PBXFileReference section */

/* Begin PBXFrameworksBuildPhase section */
		2E6B6A69289A688500E7FD95 /* Frameworks */ = {
			isa = PBXFrameworksBuildPhase;
			buildActionMask = 2147483647;
			files = (
			);
			runOnlyForDeploymentPostprocessing = 0;
		};
		2ED55B2428AB7B5500CC8F41 /* Frameworks */ = {
			isa = PBXFrameworksBuildPhase;
			buildActionMask = 2147483647;
			files = (
			);
			runOnlyForDeploymentPostprocessing = 0;
		};
/* End PBXFrameworksBuildPhase section */

/* Begin PBXGroup section */
		2E6B6A63289A688500E7FD95 = {
			isa = PBXGroup;
			children = (
				2E7EBCF628A11E550039B69F /* NewsShared */,
				2E6B6A6E289A688500E7FD95 /* NewsSwiftUI */,
				2ED55B2828AB7B5500CC8F41 /* NewsMacOS */,
				2ED55B5C28ABC2B600CC8F41 /* Frameworks */,
				2E6B6A6D289A688500E7FD95 /* Products */,
			);
			sourceTree = "<group>";
		};
		2E6B6A6D289A688500E7FD95 /* Products */ = {
			isa = PBXGroup;
			children = (
				2E6B6A6C289A688500E7FD95 /* NewsSwiftUI.app */,
				2ED55B2728AB7B5500CC8F41 /* NewsMacOS.app */,
			);
			name = Products;
			sourceTree = "<group>";
		};
		2E6B6A6E289A688500E7FD95 /* NewsSwiftUI */ = {
			isa = PBXGroup;
			children = (
				2E6B6A92289BC9DE00E7FD95 /* Views */,
				2E6B6A82289A6E5F00E7FD95 /* Models */,
				2E6B6A6F289A688500E7FD95 /* NewsSwiftUIApp.swift */,
				2E6B6A71289A688500E7FD95 /* ContentView.swift */,
				2E6B6A73289A688600E7FD95 /* Assets.xcassets */,
				2E6B6A75289A688600E7FD95 /* Preview Content */,
			);
			path = NewsSwiftUI;
			sourceTree = "<group>";
		};
		2E6B6A75289A688600E7FD95 /* Preview Content */ = {
			isa = PBXGroup;
			children = (
				2E6B6A76289A688600E7FD95 /* Preview Assets.xcassets */,
			);
			path = "Preview Content";
			sourceTree = "<group>";
		};
		2E6B6A82289A6E5F00E7FD95 /* Models */ = {
			isa = PBXGroup;
			children = (
				2EBA68F2289C39820024284A /* TabMenuItem.swift */,
			);
			path = Models;
			sourceTree = "<group>";
		};
		2E6B6A92289BC9DE00E7FD95 /* Views */ = {
			isa = PBXGroup;
			children = (
				2EBA68E0289BD6530024284A /* SafariView.swift */,
				2EBA68EC289BF48C0024284A /* SearchHistoryListView.swift */,
				2EBA68EE289C35C30024284A /* SideBarContentView.swift */,
				2EBA68F4289C3C9E0024284A /* TabContentView.swift */,
			);
			path = Views;
			sourceTree = "<group>";
		};
		2E7EBCF628A11E550039B69F /* NewsShared */ = {
			isa = PBXGroup;
			children = (
				2E7EBD1328A15BBE0039B69F /* Views */,
				2E7EBCFA28A15A0A0039B69F /* news.json */,
				2E7EBD1D28A160BE0039B69F /* Cache */,
				2E7EBCF928A11F570039B69F /* API */,
				2E7EBCF828A11E8C0039B69F /* ViewModels */,
				2E7EBCF728A11E7C0039B69F /* Models */,
			);
			path = NewsShared;
			sourceTree = "<group>";
		};
		2E7EBCF728A11E7C0039B69F /* Models */ = {
			isa = PBXGroup;
			children = (
				2E6B6A83289A6E6D00E7FD95 /* Article.swift */,
				2E6B6A85289A6EFD00E7FD95 /* Category.swift */,
				2E6B6A87289A6FB300E7FD95 /* DataStore.swift */,
				2E6B6A89289A71D300E7FD95 /* NewsApiResponse.swift */,
				2EBA68F0289C36080024284A /* MenuItem.swift */,
				2E7EBD2628A16EA30039B69F /* CategoryArticles.swift */,
				2ED55B0328AA8DA100CC8F41 /* PagingData.swift */,
				2ED55B0528AA926900CC8F41 /* DataFetchPhase.swift */,
			);
			path = Models;
			sourceTree = "<group>";
		};
		2E7EBCF828A11E8C0039B69F /* ViewModels */ = {
			isa = PBXGroup;
			children = (
				2E6B6A8C289BACE400E7FD95 /* ArticleBookmarkVM.swift */,
				2E6B6A8E289BBB0C00E7FD95 /* ArticleNewsVM.swift */,
				2E6B6A90289BC3F800E7FD95 /* ArticleSearchVM.swift */,
				2ED55B0728AAA16900CC8F41 /* WatchConnectivityViewModel.swift */,
			);
			path = ViewModels;
			sourceTree = "<group>";
		};
		2E7EBCF928A11F570039B69F /* API */ = {
			isa = PBXGroup;
			children = (
				2E6B6A80289A691200E7FD95 /* NewsApi.swift */,
			);
			path = API;
			sourceTree = "<group>";
		};
		2E7EBD1328A15BBE0039B69F /* Views */ = {
			isa = PBXGroup;
			children = (
				2EBA68EA289BF3C90024284A /* SearchTabView.swift */,
				2EBA68E4289BDA320024284A /* RetryView.swift */,
				2EBA68E8289BDD780024284A /* NewsTabView.swift */,
				2EBA68E2289BD95B0024284A /* EmptyPlaceholderView.swift */,
				2EBA68DE289BD5450024284A /* ArticleListView.swift */,
				2E6B6A93289BC9F800E7FD95 /* ArticleRowView.swift */,
				2EBA68E6289BDB360024284A /* BookmarkTabView.swift */,
			);
			path = Views;
			sourceTree = "<group>";
		};
		2E7EBD1D28A160BE0039B69F /* Cache */ = {
			isa = PBXGroup;
			children = (
				2E7EBD1E28A160D60039B69F /* KeysTracker.swift */,
				2E7EBD2028A1619C0039B69F /* CacheEntry.swift */,
				2E7EBD2228A164140039B69F /* Cache.swift */,
				2E7EBD2428A1652F0039B69F /* CacheImplementation.swift */,
			);
			path = Cache;
			sourceTree = "<group>";
		};
		2ED55B2828AB7B5500CC8F41 /* NewsMacOS */ = {
			isa = PBXGroup;
			children = (
				2ED55B3628AB7B6800CC8F41 /* Views */,
				2ED55B2928AB7B5500CC8F41 /* NewsMacOSApp.swift */,
				2ED55B5328AB853500CC8F41 /* FocusedValue+RefreshAction.swift */,
				2ED55B2B28AB7B5500CC8F41 /* ContentView.swift */,
				2ED55B2D28AB7B5600CC8F41 /* Assets.xcassets */,
				2ED55B2F28AB7B5600CC8F41 /* Preview Content */,
				2ED55B5528AB85C800CC8F41 /* NewsCommands.swift */,
				2ED55B8528ABC4D200CC8F41 /* NewsMacOS.entitlements */,
			);
			path = NewsMacOS;
			sourceTree = "<group>";
		};
		2ED55B2F28AB7B5600CC8F41 /* Preview Content */ = {
			isa = PBXGroup;
			children = (
				2ED55B3028AB7B5600CC8F41 /* Preview Assets.xcassets */,
			);
			path = "Preview Content";
			sourceTree = "<group>";
		};
		2ED55B3628AB7B6800CC8F41 /* Views */ = {
			isa = PBXGroup;
			children = (
				2ED55B3728AB7B7900CC8F41 /* SettingsView.swift */,
				2ED55B4A28AB7D8400CC8F41 /* SidebarListView.swift */,
			);
			path = Views;
			sourceTree = "<group>";
		};
		2ED55B5C28ABC2B600CC8F41 /* Frameworks */ = {
			isa = PBXGroup;
			children = (
				2ED55B5D28ABC2B600CC8F41 /* WidgetKit.framework */,
				2ED55B5F28ABC2B600CC8F41 /* SwiftUI.framework */,
			);
			name = Frameworks;
			sourceTree = "<group>";
		};
/* End PBXGroup section */

/* Begin PBXNativeTarget section */
		2E6B6A6B289A688500E7FD95 /* NewsSwiftUI */ = {
			isa = PBXNativeTarget;
			buildConfigurationList = 2E6B6A7A289A688600E7FD95 /* Build configuration list for PBXNativeTarget "NewsSwiftUI" */;
			buildPhases = (
				2E6B6A68289A688500E7FD95 /* Sources */,
				2E6B6A69289A688500E7FD95 /* Frameworks */,
				2E6B6A6A289A688500E7FD95 /* Resources */,
			);
			buildRules = (
			);
			dependencies = (
			);
			name = NewsSwiftUI;
			productName = NewsSwiftUI;
			productReference = 2E6B6A6C289A688500E7FD95 /* NewsSwiftUI.app */;
			productType = "com.apple.product-type.application";
		};
		2ED55B2628AB7B5500CC8F41 /* NewsMacOS */ = {
			isa = PBXNativeTarget;
			buildConfigurationList = 2ED55B3528AB7B5600CC8F41 /* Build configuration list for PBXNativeTarget "NewsMacOS" */;
			buildPhases = (
				2ED55B2328AB7B5500CC8F41 /* Sources */,
				2ED55B2428AB7B5500CC8F41 /* Frameworks */,
				2ED55B2528AB7B5500CC8F41 /* Resources */,
				2ED55B7128ABC2B700CC8F41 /* Embed App Extensions */,
			);
			buildRules = (
			);
			dependencies = (
			);
			name = NewsMacOS;
			productName = NewsMacOS;
			productReference = 2ED55B2728AB7B5500CC8F41 /* NewsMacOS.app */;
			productType = "com.apple.product-type.application";
		};
/* End PBXNativeTarget section */

/* Begin PBXProject section */
		2E6B6A64289A688500E7FD95 /* Project object */ = {
			isa = PBXProject;
			attributes = {
				BuildIndependentTargetsInParallel = 1;
				LastSwiftUpdateCheck = 1340;
				LastUpgradeCheck = 1340;
				TargetAttributes = {
					2E6B6A6B289A688500E7FD95 = {
						CreatedOnToolsVersion = 13.4.1;
					};
					2ED55B2628AB7B5500CC8F41 = {
						CreatedOnToolsVersion = 13.4.1;
					};
				};
			};
			buildConfigurationList = 2E6B6A67289A688500E7FD95 /* Build configuration list for PBXProject "NewsSwiftUI" */;
			compatibilityVersion = "Xcode 13.0";
			developmentRegion = en;
			hasScannedForEncodings = 0;
			knownRegions = (
				en,
				Base,
			);
			mainGroup = 2E6B6A63289A688500E7FD95;
			productRefGroup = 2E6B6A6D289A688500E7FD95 /* Products */;
			projectDirPath = "";
			projectRoot = "";
			targets = (
				2E6B6A6B289A688500E7FD95 /* NewsSwiftUI */,
				2ED55B2628AB7B5500CC8F41 /* NewsMacOS */,
			);
		};
/* End PBXProject section */

/* Begin PBXResourcesBuildPhase section */
		2E6B6A6A289A688500E7FD95 /* Resources */ = {
			isa = PBXResourcesBuildPhase;
			buildActionMask = 2147483647;
			files = (
				2E7EBD0C28A15A600039B69F /* news.json in Resources */,
				2E6B6A77289A688600E7FD95 /* Preview Assets.xcassets in Resources */,
				2E6B6A74289A688600E7FD95 /* Assets.xcassets in Resources */,
			);
			runOnlyForDeploymentPostprocessing = 0;
		};
		2ED55B2528AB7B5500CC8F41 /* Resources */ = {
			isa = PBXResourcesBuildPhase;
			buildActionMask = 2147483647;
			files = (
				2ED55B3128AB7B5600CC8F41 /* Preview Assets.xcassets in Resources */,
				2ED55B2E28AB7B5600CC8F41 /* Assets.xcassets in Resources */,
			);
			runOnlyForDeploymentPostprocessing = 0;
		};
/* End PBXResourcesBuildPhase section */

/* Begin PBXSourcesBuildPhase section */
		2E6B6A68289A688500E7FD95 /* Sources */ = {
			isa = PBXSourcesBuildPhase;
			buildActionMask = 2147483647;
			files = (
				2ED55B0628AA926900CC8F41 /* DataFetchPhase.swift in Sources */,
				2E7EBD0E28A15A600039B69F /* MenuItem.swift in Sources */,
				2EBA68F5289C3C9E0024284A /* TabContentView.swift in Sources */,
				2E7EBD0F28A15A600039B69F /* ArticleSearchVM.swift in Sources */,
				2E7EBD0828A15A600039B69F /* DataStore.swift in Sources */,
				2E6B6A72289A688500E7FD95 /* ContentView.swift in Sources */,
				2EBA68EB289BF3C90024284A /* SearchTabView.swift in Sources */,
				2E7EBD2328A164140039B69F /* Cache.swift in Sources */,
				2E7EBD1128A15A600039B69F /* NewsApi.swift in Sources */,
				2EBA68DF289BD5450024284A /* ArticleListView.swift in Sources */,
				2EBA68E1289BD6530024284A /* SafariView.swift in Sources */,
				2E7EBD0728A15A600039B69F /* ArticleBookmarkVM.swift in Sources */,
				2E7EBD2128A1619C0039B69F /* CacheEntry.swift in Sources */,
				2E7EBD1028A15A600039B69F /* NewsApiResponse.swift in Sources */,
				2ED55B0828AAA16900CC8F41 /* WatchConnectivityViewModel.swift in Sources */,
				2EBA68EF289C35C30024284A /* SideBarContentView.swift in Sources */,
				2E7EBD1F28A160D60039B69F /* KeysTracker.swift in Sources */,
				2E6B6A94289BC9F800E7FD95 /* ArticleRowView.swift in Sources */,
				2EBA68E9289BDD780024284A /* NewsTabView.swift in Sources */,
				2E7EBD0D28A15A600039B69F /* Category.swift in Sources */,
				2E7EBD2728A16EA30039B69F /* CategoryArticles.swift in Sources */,
				2ED55B0428AA8DA100CC8F41 /* PagingData.swift in Sources */,
				2EBA68E5289BDA320024284A /* RetryView.swift in Sources */,
				2EBA68E3289BD95B0024284A /* EmptyPlaceholderView.swift in Sources */,
				2E6B6A70289A688500E7FD95 /* NewsSwiftUIApp.swift in Sources */,
				2EBA68F3289C39820024284A /* TabMenuItem.swift in Sources */,
				2E7EBD2528A1652F0039B69F /* CacheImplementation.swift in Sources */,
				2E7EBD0B28A15A600039B69F /* ArticleNewsVM.swift in Sources */,
				2E7EBD0928A15A600039B69F /* Article.swift in Sources */,
				2EBA68ED289BF48C0024284A /* SearchHistoryListView.swift in Sources */,
				2EBA68E7289BDB360024284A /* BookmarkTabView.swift in Sources */,
			);
			runOnlyForDeploymentPostprocessing = 0;
		};
		2ED55B2328AB7B5500CC8F41 /* Sources */ = {
			isa = PBXSourcesBuildPhase;
			buildActionMask = 2147483647;
			files = (
				2ED55B4428AB7D3300CC8F41 /* Article.swift in Sources */,
				2ED55B4528AB7D3C00CC8F41 /* NewsApi.swift in Sources */,
				2ED55B5428AB853500CC8F41 /* FocusedValue+RefreshAction.swift in Sources */,
				2ED55B5628AB85C800CC8F41 /* NewsCommands.swift in Sources */,
				2ED55B4128AB7D3300CC8F41 /* NewsApiResponse.swift in Sources */,
				2ED55B5028AB7E3200CC8F41 /* NewsTabView.swift in Sources */,
				2ED55B4F28AB7E3200CC8F41 /* RetryView.swift in Sources */,
				2ED55B5128AB7E3200CC8F41 /* ArticleListView.swift in Sources */,
				2ED55B3A28AB7BF800CC8F41 /* ArticleSearchVM.swift in Sources */,
				2ED55B4728AB7D5B00CC8F41 /* Cache.swift in Sources */,
				2ED55B4028AB7D3300CC8F41 /* Category.swift in Sources */,
				2ED55B4D28AB7E3200CC8F41 /* ArticleRowView.swift in Sources */,
				2ED55B4928AB7D6200CC8F41 /* KeysTracker.swift in Sources */,
				2ED55B3D28AB7D3300CC8F41 /* DataFetchPhase.swift in Sources */,
				2ED55B4E28AB7E3200CC8F41 /* BookmarkTabView.swift in Sources */,
				2ED55B3828AB7B7900CC8F41 /* SettingsView.swift in Sources */,
				2ED55B3E28AB7D3300CC8F41 /* PagingData.swift in Sources */,
				2ED55B2C28AB7B5500CC8F41 /* ContentView.swift in Sources */,
				2ED55B3928AB7BF500CC8F41 /* ArticleNewsVM.swift in Sources */,
				2ED55B2A28AB7B5500CC8F41 /* NewsMacOSApp.swift in Sources */,
				2ED55B4328AB7D3300CC8F41 /* CategoryArticles.swift in Sources */,
				2ED55B4228AB7D3300CC8F41 /* MenuItem.swift in Sources */,
				2ED55B5228AB7E3200CC8F41 /* EmptyPlaceholderView.swift in Sources */,
				2ED55B3F28AB7D3300CC8F41 /* DataStore.swift in Sources */,
				2ED55B4628AB7D5600CC8F41 /* CacheImplementation.swift in Sources */,
				2ED55B4C28AB7E3200CC8F41 /* SearchTabView.swift in Sources */,
				2ED55B4B28AB7D8400CC8F41 /* SidebarListView.swift in Sources */,
				2ED55B3B28AB7BFA00CC8F41 /* ArticleBookmarkVM.swift in Sources */,
				2ED55B4828AB7D5E00CC8F41 /* CacheEntry.swift in Sources */,
			);
			runOnlyForDeploymentPostprocessing = 0;
		};
/* End PBXSourcesBuildPhase section */

/* Begin XCBuildConfiguration section */
		2E6B6A78289A688600E7FD95 /* Debug */ = {
			isa = XCBuildConfiguration;
			buildSettings = {
				ALWAYS_SEARCH_USER_PATHS = NO;
				CLANG_ANALYZER_NONNULL = YES;
				CLANG_ANALYZER_NUMBER_OBJECT_CONVERSION = YES_AGGRESSIVE;
				CLANG_CXX_LANGUAGE_STANDARD = "gnu++17";
				CLANG_ENABLE_MODULES = YES;
				CLANG_ENABLE_OBJC_ARC = YES;
				CLANG_ENABLE_OBJC_WEAK = YES;
				CLANG_WARN_BLOCK_CAPTURE_AUTORELEASING = YES;
				CLANG_WARN_BOOL_CONVERSION = YES;
				CLANG_WARN_COMMA = YES;
				CLANG_WARN_CONSTANT_CONVERSION = YES;
				CLANG_WARN_DEPRECATED_OBJC_IMPLEMENTATIONS = YES;
				CLANG_WARN_DIRECT_OBJC_ISA_USAGE = YES_ERROR;
				CLANG_WARN_DOCUMENTATION_COMMENTS = YES;
				CLANG_WARN_EMPTY_BODY = YES;
				CLANG_WARN_ENUM_CONVERSION = YES;
				CLANG_WARN_INFINITE_RECURSION = YES;
				CLANG_WARN_INT_CONVERSION = YES;
				CLANG_WARN_NON_LITERAL_NULL_CONVERSION = YES;
				CLANG_WARN_OBJC_IMPLICIT_RETAIN_SELF = YES;
				CLANG_WARN_OBJC_LITERAL_CONVERSION = YES;
				CLANG_WARN_OBJC_ROOT_CLASS = YES_ERROR;
				CLANG_WARN_QUOTED_INCLUDE_IN_FRAMEWORK_HEADER = YES;
				CLANG_WARN_RANGE_LOOP_ANALYSIS = YES;
				CLANG_WARN_STRICT_PROTOTYPES = YES;
				CLANG_WARN_SUSPICIOUS_MOVE = YES;
				CLANG_WARN_UNGUARDED_AVAILABILITY = YES_AGGRESSIVE;
				CLANG_WARN_UNREACHABLE_CODE = YES;
				CLANG_WARN__DUPLICATE_METHOD_MATCH = YES;
				COPY_PHASE_STRIP = NO;
				DEBUG_INFORMATION_FORMAT = dwarf;
				ENABLE_STRICT_OBJC_MSGSEND = YES;
				ENABLE_TESTABILITY = YES;
				GCC_C_LANGUAGE_STANDARD = gnu11;
				GCC_DYNAMIC_NO_PIC = NO;
				GCC_NO_COMMON_BLOCKS = YES;
				GCC_OPTIMIZATION_LEVEL = 0;
				GCC_PREPROCESSOR_DEFINITIONS = (
					"DEBUG=1",
					"$(inherited)",
				);
				GCC_WARN_64_TO_32_BIT_CONVERSION = YES;
				GCC_WARN_ABOUT_RETURN_TYPE = YES_ERROR;
				GCC_WARN_UNDECLARED_SELECTOR = YES;
				GCC_WARN_UNINITIALIZED_AUTOS = YES_AGGRESSIVE;
				GCC_WARN_UNUSED_FUNCTION = YES;
				GCC_WARN_UNUSED_VARIABLE = YES;
				IPHONEOS_DEPLOYMENT_TARGET = 15.5;
				MTL_ENABLE_DEBUG_INFO = INCLUDE_SOURCE;
				MTL_FAST_MATH = YES;
				ONLY_ACTIVE_ARCH = YES;
				SDKROOT = iphoneos;
				SWIFT_ACTIVE_COMPILATION_CONDITIONS = DEBUG;
				SWIFT_OPTIMIZATION_LEVEL = "-Onone";
			};
			name = Debug;
		};
		2E6B6A79289A688600E7FD95 /* Release */ = {
			isa = XCBuildConfiguration;
			buildSettings = {
				ALWAYS_SEARCH_USER_PATHS = NO;
				CLANG_ANALYZER_NONNULL = YES;
				CLANG_ANALYZER_NUMBER_OBJECT_CONVERSION = YES_AGGRESSIVE;
				CLANG_CXX_LANGUAGE_STANDARD = "gnu++17";
				CLANG_ENABLE_MODULES = YES;
				CLANG_ENABLE_OBJC_ARC = YES;
				CLANG_ENABLE_OBJC_WEAK = YES;
				CLANG_WARN_BLOCK_CAPTURE_AUTORELEASING = YES;
				CLANG_WARN_BOOL_CONVERSION = YES;
				CLANG_WARN_COMMA = YES;
				CLANG_WARN_CONSTANT_CONVERSION = YES;
				CLANG_WARN_DEPRECATED_OBJC_IMPLEMENTATIONS = YES;
				CLANG_WARN_DIRECT_OBJC_ISA_USAGE = YES_ERROR;
				CLANG_WARN_DOCUMENTATION_COMMENTS = YES;
				CLANG_WARN_EMPTY_BODY = YES;
				CLANG_WARN_ENUM_CONVERSION = YES;
				CLANG_WARN_INFINITE_RECURSION = YES;
				CLANG_WARN_INT_CONVERSION = YES;
				CLANG_WARN_NON_LITERAL_NULL_CONVERSION = YES;
				CLANG_WARN_OBJC_IMPLICIT_RETAIN_SELF = YES;
				CLANG_WARN_OBJC_LITERAL_CONVERSION = YES;
				CLANG_WARN_OBJC_ROOT_CLASS = YES_ERROR;
				CLANG_WARN_QUOTED_INCLUDE_IN_FRAMEWORK_HEADER = YES;
				CLANG_WARN_RANGE_LOOP_ANALYSIS = YES;
				CLANG_WARN_STRICT_PROTOTYPES = YES;
				CLANG_WARN_SUSPICIOUS_MOVE = YES;
				CLANG_WARN_UNGUARDED_AVAILABILITY = YES_AGGRESSIVE;
				CLANG_WARN_UNREACHABLE_CODE = YES;
				CLANG_WARN__DUPLICATE_METHOD_MATCH = YES;
				COPY_PHASE_STRIP = NO;
				DEBUG_INFORMATION_FORMAT = "dwarf-with-dsym";
				ENABLE_NS_ASSERTIONS = NO;
				ENABLE_STRICT_OBJC_MSGSEND = YES;
				GCC_C_LANGUAGE_STANDARD = gnu11;
				GCC_NO_COMMON_BLOCKS = YES;
				GCC_WARN_64_TO_32_BIT_CONVERSION = YES;
				GCC_WARN_ABOUT_RETURN_TYPE = YES_ERROR;
				GCC_WARN_UNDECLARED_SELECTOR = YES;
				GCC_WARN_UNINITIALIZED_AUTOS = YES_AGGRESSIVE;
				GCC_WARN_UNUSED_FUNCTION = YES;
				GCC_WARN_UNUSED_VARIABLE = YES;
				IPHONEOS_DEPLOYMENT_TARGET = 15.5;
				MTL_ENABLE_DEBUG_INFO = NO;
				MTL_FAST_MATH = YES;
				SDKROOT = iphoneos;
				SWIFT_COMPILATION_MODE = wholemodule;
				SWIFT_OPTIMIZATION_LEVEL = "-O";
				VALIDATE_PRODUCT = YES;
			};
			name = Release;
		};
		2E6B6A7B289A688600E7FD95 /* Debug */ = {
			isa = XCBuildConfiguration;
			buildSettings = {
				ASSETCATALOG_COMPILER_APPICON_NAME = AppIcon;
				ASSETCATALOG_COMPILER_GLOBAL_ACCENT_COLOR_NAME = AccentColor;
				CODE_SIGN_STYLE = Automatic;
				CURRENT_PROJECT_VERSION = 1;
				DEVELOPMENT_ASSET_PATHS = "\"NewsSwiftUI/Preview Content\"";
				DEVELOPMENT_TEAM = T8H7J4GZKY;
				ENABLE_PREVIEWS = YES;
				GENERATE_INFOPLIST_FILE = YES;
				INFOPLIST_KEY_UIApplicationSceneManifest_Generation = YES;
				INFOPLIST_KEY_UIApplicationSupportsIndirectInputEvents = YES;
				INFOPLIST_KEY_UILaunchScreen_Generation = YES;
				INFOPLIST_KEY_UISupportedInterfaceOrientations_iPad = "UIInterfaceOrientationPortrait UIInterfaceOrientationPortraitUpsideDown UIInterfaceOrientationLandscapeLeft UIInterfaceOrientationLandscapeRight";
				INFOPLIST_KEY_UISupportedInterfaceOrientations_iPhone = "UIInterfaceOrientationPortrait UIInterfaceOrientationLandscapeLeft UIInterfaceOrientationLandscapeRight";
				LD_RUNPATH_SEARCH_PATHS = (
					"$(inherited)",
					"@executable_path/Frameworks",
				);
				MARKETING_VERSION = 1.0;
				PRODUCT_BUNDLE_IDENTIFIER = com.nikita9x.NewsSwiftUI;
				PRODUCT_NAME = "$(TARGET_NAME)";
				SWIFT_EMIT_LOC_STRINGS = YES;
				SWIFT_VERSION = 5.0;
				TARGETED_DEVICE_FAMILY = "1,2";
			};
			name = Debug;
		};
		2E6B6A7C289A688600E7FD95 /* Release */ = {
			isa = XCBuildConfiguration;
			buildSettings = {
				ASSETCATALOG_COMPILER_APPICON_NAME = AppIcon;
				ASSETCATALOG_COMPILER_GLOBAL_ACCENT_COLOR_NAME = AccentColor;
				CODE_SIGN_STYLE = Automatic;
				CURRENT_PROJECT_VERSION = 1;
				DEVELOPMENT_ASSET_PATHS = "\"NewsSwiftUI/Preview Content\"";
				DEVELOPMENT_TEAM = T8H7J4GZKY;
				ENABLE_PREVIEWS = YES;
				GENERATE_INFOPLIST_FILE = YES;
				INFOPLIST_KEY_UIApplicationSceneManifest_Generation = YES;
				INFOPLIST_KEY_UIApplicationSupportsIndirectInputEvents = YES;
				INFOPLIST_KEY_UILaunchScreen_Generation = YES;
				INFOPLIST_KEY_UISupportedInterfaceOrientations_iPad = "UIInterfaceOrientationPortrait UIInterfaceOrientationPortraitUpsideDown UIInterfaceOrientationLandscapeLeft UIInterfaceOrientationLandscapeRight";
				INFOPLIST_KEY_UISupportedInterfaceOrientations_iPhone = "UIInterfaceOrientationPortrait UIInterfaceOrientationLandscapeLeft UIInterfaceOrientationLandscapeRight";
				LD_RUNPATH_SEARCH_PATHS = (
					"$(inherited)",
					"@executable_path/Frameworks",
				);
				MARKETING_VERSION = 1.0;
				PRODUCT_BUNDLE_IDENTIFIER = com.nikita9x.NewsSwiftUI;
				PRODUCT_NAME = "$(TARGET_NAME)";
				SWIFT_EMIT_LOC_STRINGS = YES;
				SWIFT_VERSION = 5.0;
				TARGETED_DEVICE_FAMILY = "1,2";
			};
			name = Release;
		};
		2ED55B3328AB7B5600CC8F41 /* Debug */ = {
			isa = XCBuildConfiguration;
			buildSettings = {
				ASSETCATALOG_COMPILER_APPICON_NAME = AppIcon;
				ASSETCATALOG_COMPILER_GLOBAL_ACCENT_COLOR_NAME = AccentColor;
				CODE_SIGN_ENTITLEMENTS = NewsMacOS/NewsMacOS.entitlements;
				CODE_SIGN_STYLE = Automatic;
				COMBINE_HIDPI_IMAGES = YES;
				CURRENT_PROJECT_VERSION = 1;
				DEVELOPMENT_ASSET_PATHS = "\"NewsMacOS/Preview Content\"";
				DEVELOPMENT_TEAM = T8H7J4GZKY;
				ENABLE_HARDENED_RUNTIME = YES;
				ENABLE_PREVIEWS = YES;
				GENERATE_INFOPLIST_FILE = YES;
				INFOPLIST_KEY_NSHumanReadableCopyright = "";
				LD_RUNPATH_SEARCH_PATHS = (
					"$(inherited)",
					"@executable_path/../Frameworks",
				);
				MACOSX_DEPLOYMENT_TARGET = 12.3;
				MARKETING_VERSION = 1.0;
				PRODUCT_BUNDLE_IDENTIFIER = com.nikita9x.NewsMacOS;
				PRODUCT_NAME = "$(TARGET_NAME)";
				SDKROOT = macosx;
				SWIFT_EMIT_LOC_STRINGS = YES;
				SWIFT_VERSION = 5.0;
			};
			name = Debug;
		};
		2ED55B3428AB7B5600CC8F41 /* Release */ = {
			isa = XCBuildConfiguration;
			buildSettings = {
				ASSETCATALOG_COMPILER_APPICON_NAME = AppIcon;
				ASSETCATALOG_COMPILER_GLOBAL_ACCENT_COLOR_NAME = AccentColor;
				CODE_SIGN_ENTITLEMENTS = NewsMacOS/NewsMacOS.entitlements;
				CODE_SIGN_STYLE = Automatic;
				COMBINE_HIDPI_IMAGES = YES;
				CURRENT_PROJECT_VERSION = 1;
				DEVELOPMENT_ASSET_PATHS = "\"NewsMacOS/Preview Content\"";
				DEVELOPMENT_TEAM = T8H7J4GZKY;
				ENABLE_HARDENED_RUNTIME = YES;
				ENABLE_PREVIEWS = YES;
				GENERATE_INFOPLIST_FILE = YES;
				INFOPLIST_KEY_NSHumanReadableCopyright = "";
				LD_RUNPATH_SEARCH_PATHS = (
					"$(inherited)",
					"@executable_path/../Frameworks",
				);
				MACOSX_DEPLOYMENT_TARGET = 12.3;
				MARKETING_VERSION = 1.0;
				PRODUCT_BUNDLE_IDENTIFIER = com.nikita9x.NewsMacOS;
				PRODUCT_NAME = "$(TARGET_NAME)";
				SDKROOT = macosx;
				SWIFT_EMIT_LOC_STRINGS = YES;
				SWIFT_VERSION = 5.0;
			};
			name = Release;
		};
/* End XCBuildConfiguration section */

/* Begin XCConfigurationList section */
		2E6B6A67289A688500E7FD95 /* Build configuration list for PBXProject "NewsSwiftUI" */ = {
			isa = XCConfigurationList;
			buildConfigurations = (
				2E6B6A78289A688600E7FD95 /* Debug */,
				2E6B6A79289A688600E7FD95 /* Release */,
			);
			defaultConfigurationIsVisible = 0;
			defaultConfigurationName = Release;
		};
		2E6B6A7A289A688600E7FD95 /* Build configuration list for PBXNativeTarget "NewsSwiftUI" */ = {
			isa = XCConfigurationList;
			buildConfigurations = (
				2E6B6A7B289A688600E7FD95 /* Debug */,
				2E6B6A7C289A688600E7FD95 /* Release */,
			);
			defaultConfigurationIsVisible = 0;
			defaultConfigurationName = Release;
		};
		2ED55B3528AB7B5600CC8F41 /* Build configuration list for PBXNativeTarget "NewsMacOS" */ = {
			isa = XCConfigurationList;
			buildConfigurations = (
				2ED55B3328AB7B5600CC8F41 /* Debug */,
				2ED55B3428AB7B5600CC8F41 /* Release */,
			);
			defaultConfigurationIsVisible = 0;
			defaultConfigurationName = Release;
		};
/* End XCConfigurationList section */
	};
	rootObject = 2E6B6A64289A688500E7FD95 /* Project object */;
}
